
Microsoft Visual Studio Solution File, Format Version 12.00
# Visual Studio Version 17
VisualStudioVersion = 17.5.33530.505
MinimumVisualStudioVersion = 10.0.40219.1
Project("{FAE04EC0-301F-11D3-BF4B-00C04F79EFBC}") = "OtelProje", "OtelProje\OtelProje.csproj", "{9B23F2CB-1EFA-451F-86CD-2A83544EF4DE}"
EndProject
Global
	GlobalSection(SolutionConfigurationPlatforms) = preSolution
		Debug|Any CPU = Debug|Any CPU
		Release|Any CPU = Release|Any CPU
	EndGlobalSection
	GlobalSection(ProjectConfigurationPlatforms) = postSolution
		{9B23F2CB-1EFA-451F-86CD-2A83544EF4DE}.Debug|Any CPU.ActiveCfg = Debug|Any CPU
		{9B23F2CB-1EFA-451F-86CD-2A83544EF4DE}.Debug|Any CPU.Build.0 = Debug|Any CPU
		{9B23F2CB-1EFA-451F-86CD-2A83544EF4DE}.Release|Any CPU.ActiveCfg = Release|Any CPU
		{9B23F2CB-1EFA-451F-86CD-2A83544EF4DE}.Release|Any CPU.Build.0 = Release|Any CPU
	EndGlobalSection
	GlobalSection(SolutionProperties) = preSolution
		HideSolutionNode = FALSE
	EndGlobalSection
	GlobalSection(ExtensibilityGlobals) = postSolution
		SolutionGuid = {F4C4B219-F76C-4FF9-86DF-01BF3404DBD4}
	EndGlobalSection
EndGlobal
